{
  "name": "chrome-extensions-privacy-policy",
  "lockfileVersion": 2,
  "requires": true,
  "packages": {
    "": {
      "devDependencies": {
        "marked": "^4.2.1"
      }
    },
    "node_modules/marked": {
      "version": "4.2.1",
      "resolved": "https://registry.npmjs.org/marked/-/marked-4.2.1.tgz",
      "integrity": "sha512-VK1/jNtwqDLvPktNpL0Fdg3qoeUZhmRsuiIjPEy/lHwXW4ouLoZfO4XoWd4ClDt+hupV1VLpkZhEovjU0W/kqA==",
      "dev": true,
      "bin": {
        "marked": "bin/marked.js"
      },
      "engines": {
        "node": ">= 12"
      }
    }
  },
  "dependencies": {
    "marked": {
      "version": "4.2.1",
      "resolved": "https://registry.npmjs.org/marked/-/marked-4.2.1.tgz",
      "integrity": "sha512-VK1/jNtwqDLvPktNpL0Fdg3qoeUZhmRsuiIjPEy/lHwXW4ouLoZfO4XoWd4ClDt+hupV1VLpkZhEovjU0W/kqA==",
      "dev": true
    }
  }
}
